
Microsoft Visual Studio Solution File, Format Version 12.00
# Visual Studio Version 16
VisualStudioVersion = 16.0.29709.97
MinimumVisualStudioVersion = 10.0.40219.1
Project("{9A19103F-16F7-4668-BE54-9A1E7A4F7556}") = "online-school", "online-school\online-school.csproj", "{D9537D2E-241D-4A49-A4E1-8EB5D15EE4E6}"
EndProject
Project("{9A19103F-16F7-4668-BE54-9A1E7A4F7556}") = "MySqlDataAcces", "..\..\..\DataAcces\Dapper\MySQLCRUD\MySqlDataAcces\MySqlDataAcces.csproj", "{6E94A545-C8A5-4F1F-8219-B24033A126C8}"
EndProject
Project("{9A19103F-16F7-4668-BE54-9A1E7A4F7556}") = "tests-online-school", "tests-online-school\tests-online-school.csproj", "{A76427BF-1937-455E-8BF1-33EAA4978F94}"
EndProject
Project("{FAE04EC0-301F-11D3-BF4B-00C04F79EFBC}") = "View", "View\View.csproj", "{CDE14B97-A133-474A-B985-D20945EB16D1}"
EndProject
Global
	GlobalSection(SolutionConfigurationPlatforms) = preSolution
		Debug|Any CPU = Debug|Any CPU
		Release|Any CPU = Release|Any CPU
	EndGlobalSection
	GlobalSection(ProjectConfigurationPlatforms) = postSolution
		{D9537D2E-241D-4A49-A4E1-8EB5D15EE4E6}.Debug|Any CPU.ActiveCfg = Debug|Any CPU
		{D9537D2E-241D-4A49-A4E1-8EB5D15EE4E6}.Debug|Any CPU.Build.0 = Debug|Any CPU
		{D9537D2E-241D-4A49-A4E1-8EB5D15EE4E6}.Release|Any CPU.ActiveCfg = Release|Any CPU
		{D9537D2E-241D-4A49-A4E1-8EB5D15EE4E6}.Release|Any CPU.Build.0 = Release|Any CPU
		{6E94A545-C8A5-4F1F-8219-B24033A126C8}.Debug|Any CPU.ActiveCfg = Debug|Any CPU
		{6E94A545-C8A5-4F1F-8219-B24033A126C8}.Debug|Any CPU.Build.0 = Debug|Any CPU
		{6E94A545-C8A5-4F1F-8219-B24033A126C8}.Release|Any CPU.ActiveCfg = Release|Any CPU
		{6E94A545-C8A5-4F1F-8219-B24033A126C8}.Release|Any CPU.Build.0 = Release|Any CPU
		{A76427BF-1937-455E-8BF1-33EAA4978F94}.Debug|Any CPU.ActiveCfg = Debug|Any CPU
		{A76427BF-1937-455E-8BF1-33EAA4978F94}.Debug|Any CPU.Build.0 = Debug|Any CPU
		{A76427BF-1937-455E-8BF1-33EAA4978F94}.Release|Any CPU.ActiveCfg = Release|Any CPU
		{A76427BF-1937-455E-8BF1-33EAA4978F94}.Release|Any CPU.Build.0 = Release|Any CPU
		{CDE14B97-A133-474A-B985-D20945EB16D1}.Debug|Any CPU.ActiveCfg = Debug|Any CPU
		{CDE14B97-A133-474A-B985-D20945EB16D1}.Debug|Any CPU.Build.0 = Debug|Any CPU
		{CDE14B97-A133-474A-B985-D20945EB16D1}.Release|Any CPU.ActiveCfg = Release|Any CPU
		{CDE14B97-A133-474A-B985-D20945EB16D1}.Release|Any CPU.Build.0 = Release|Any CPU
	EndGlobalSection
	GlobalSection(SolutionProperties) = preSolution
		HideSolutionNode = FALSE
	EndGlobalSection
	GlobalSection(ExtensibilityGlobals) = postSolution
		SolutionGuid = {F1E2807E-7A1A-4F93-83A1-86B98F86CCC6}
	EndGlobalSection
EndGlobal
